
Microsoft Visual Studio Solution File, Format Version 12.00
# Visual Studio 15
VisualStudioVersion = 15.0.28307.645
MinimumVisualStudioVersion = 10.0.40219.1
Project("{FAE04EC0-301F-11D3-BF4B-00C04F79EFBC}") = "Demo27May", "Demo27May\Demo27May.csproj", "{5A92CCF8-9800-4055-9419-3AED7C97350A}"
EndProject
Global
	GlobalSection(SolutionConfigurationPlatforms) = preSolution
		Debug|Any CPU = Debug|Any CPU
		Release|Any CPU = Release|Any CPU
	EndGlobalSection
	GlobalSection(ProjectConfigurationPlatforms) = postSolution
		{5A92CCF8-9800-4055-9419-3AED7C97350A}.Debug|Any CPU.ActiveCfg = Debug|Any CPU
		{5A92CCF8-9800-4055-9419-3AED7C97350A}.Debug|Any CPU.Build.0 = Debug|Any CPU
		{5A92CCF8-9800-4055-9419-3AED7C97350A}.Release|Any CPU.ActiveCfg = Release|Any CPU
		{5A92CCF8-9800-4055-9419-3AED7C97350A}.Release|Any CPU.Build.0 = Release|Any CPU
	EndGlobalSection
	GlobalSection(SolutionProperties) = preSolution
		HideSolutionNode = FALSE
	EndGlobalSection
	GlobalSection(ExtensibilityGlobals) = postSolution
		SolutionGuid = {93BD2954-C989-4BE4-99CC-EE52D1D22CF5}
	EndGlobalSection
EndGlobal
